{
  "version": 4,
  "terraform_version": "1.5.7",
  "serial": 1,
  "lineage": "f6be8e9b-a5f3-8dd5-b351-562ef364720f",
  "outputs": {},
  "resources": [
    {
      "mode": "managed",
      "type": "local_file",
      "name": "games",
      "provider": "provider[\"registry.terraform.io/hashicorp/local\"]",
      "instances": [
        {
          "schema_version": 0,
          "attributes": {
            "content": null,
            "content_base64": null,
            "content_base64sha256": "Pwo3e6CkpGDsthb2UHzg2M+j5wQCXU/aPtDFygVGhyg=",
            "content_base64sha512": "lQsqfv+nj1GmNRXsReA+zr5Q7y8cQeaWKbUHePEbwIAALk24EStZ0JOJ0Q81WPhb/etPHMVaNCF68PhUdwDr8w==",
            "content_md5": "c72b9698fa1927e1dd12d3cf26ed84b2",
            "content_sha1": "35ee8386410d41d14b3f779fc95f4695f4851682",
            "content_sha256": "3f0a377ba0a4a460ecb616f6507ce0d8cfa3e704025d4fda3ed0c5ca05468728",
            "content_sha512": "950b2a7effa78f51a63515ec45e03ecebe50ef2f1c41e69629b50778f11bc080002e4db8112b59d09389d10f3558f85bfdeb4f1cc55a34217af0f8547700ebf3",
            "directory_permission": "0777",
            "file_permission": "0755",
            "filename": "/home/rhyme/test.txt",
            "id": "35ee8386410d41d14b3f779fc95f4695f4851682",
            "sensitive_content": "test message",
            "source": null
          },
          "sensitive_attributes": []
        }
      ]
    }
  ],
  "check_results": null
}
